// !$*UTF8*$!
{
	archiveVersion = 1;
	classes = {
	};
	objectVersion = 46;
	objects = {

/* Begin PBXBuildFile section */
		863185281D513E6E00668330 /* MorseCoder.swift in Sources */ = {isa = PBXBuildFile; fileRef = 863185271D513E6E00668330 /* MorseCoder.swift */; };
		868ADE791D56884F005BE4A8 /* beep0200.wav in Resources */ = {isa = PBXBuildFile; fileRef = 868ADE781D56884F005BE4A8 /* beep0200.wav */; };
		868ADE7B1D568856005BE4A8 /* pause0200.wav in Resources */ = {isa = PBXBuildFile; fileRef = 868ADE7A1D568856005BE4A8 /* pause0200.wav */; };
		86A7B14C1D57DA3C007C7E79 /* beep240.wav in Resources */ = {isa = PBXBuildFile; fileRef = 86A7B14B1D57DA3C007C7E79 /* beep240.wav */; };
		86A7B14E1D57DA48007C7E79 /* beep080.wav in Resources */ = {isa = PBXBuildFile; fileRef = 86A7B14D1D57DA48007C7E79 /* beep080.wav */; };
		86BD181B1D54F26600442364 /* beep.wav in Resources */ = {isa = PBXBuildFile; fileRef = 86BD181A1D54F26600442364 /* beep.wav */; };
		86F2DC441D4E6171006FF324 /* AppDelegate.swift in Sources */ = {isa = PBXBuildFile; fileRef = 86F2DC431D4E6171006FF324 /* AppDelegate.swift */; };
		86F2DC461D4E6171006FF324 /* ViewController.swift in Sources */ = {isa = PBXBuildFile; fileRef = 86F2DC451D4E6171006FF324 /* ViewController.swift */; };
		86F2DC491D4E6171006FF324 /* Main.storyboard in Resources */ = {isa = PBXBuildFile; fileRef = 86F2DC471D4E6171006FF324 /* Main.storyboard */; };
		86F2DC4B1D4E6171006FF324 /* Assets.xcassets in Resources */ = {isa = PBXBuildFile; fileRef = 86F2DC4A1D4E6171006FF324 /* Assets.xcassets */; };
		86F2DC4E1D4E6171006FF324 /* LaunchScreen.storyboard in Resources */ = {isa = PBXBuildFile; fileRef = 86F2DC4C1D4E6171006FF324 /* LaunchScreen.storyboard */; };
/* End PBXBuildFile section */

/* Begin PBXFileReference section */
		863185271D513E6E00668330 /* MorseCoder.swift */ = {isa = PBXFileReference; fileEncoding = 4; lastKnownFileType = sourcecode.swift; lineEnding = 0; path = MorseCoder.swift; sourceTree = "<group>"; xcLanguageSpecificationIdentifier = xcode.lang.swift; };
		868ADE781D56884F005BE4A8 /* beep0200.wav */ = {isa = PBXFileReference; lastKnownFileType = audio.wav; path = beep0200.wav; sourceTree = "<group>"; };
		868ADE7A1D568856005BE4A8 /* pause0200.wav */ = {isa = PBXFileReference; lastKnownFileType = audio.wav; path = pause0200.wav; sourceTree = "<group>"; };
		86A7B14B1D57DA3C007C7E79 /* beep240.wav */ = {isa = PBXFileReference; lastKnownFileType = audio.wav; path = beep240.wav; sourceTree = "<group>"; };
		86A7B14D1D57DA48007C7E79 /* beep080.wav */ = {isa = PBXFileReference; lastKnownFileType = audio.wav; path = beep080.wav; sourceTree = "<group>"; };
		86BD181A1D54F26600442364 /* beep.wav */ = {isa = PBXFileReference; lastKnownFileType = audio.wav; path = beep.wav; sourceTree = "<group>"; };
		86F2DC401D4E6171006FF324 /* MorseCode.app */ = {isa = PBXFileReference; explicitFileType = wrapper.application; includeInIndex = 0; path = MorseCode.app; sourceTree = BUILT_PRODUCTS_DIR; };
		86F2DC431D4E6171006FF324 /* AppDelegate.swift */ = {isa = PBXFileReference; lastKnownFileType = sourcecode.swift; lineEnding = 0; path = AppDelegate.swift; sourceTree = "<group>"; xcLanguageSpecificationIdentifier = xcode.lang.swift; };
		86F2DC451D4E6171006FF324 /* ViewController.swift */ = {isa = PBXFileReference; lastKnownFileType = sourcecode.swift; path = ViewController.swift; sourceTree = "<group>"; };
		86F2DC481D4E6171006FF324 /* Base */ = {isa = PBXFileReference; lastKnownFileType = file.storyboard; name = Base; path = Base.lproj/Main.storyboard; sourceTree = "<group>"; };
		86F2DC4A1D4E6171006FF324 /* Assets.xcassets */ = {isa = PBXFileReference; lastKnownFileType = folder.assetcatalog; path = Assets.xcassets; sourceTree = "<group>"; };
		86F2DC4D1D4E6171006FF324 /* Base */ = {isa = PBXFileReference; lastKnownFileType = file.storyboard; name = Base; path = Base.lproj/LaunchScreen.storyboard; sourceTree = "<group>"; };
		86F2DC4F1D4E6171006FF324 /* Info.plist */ = {isa = PBXFileReference; lastKnownFileType = text.plist.xml; path = Info.plist; sourceTree = "<group>"; };
		86F2DC551D4E6241006FF324 /* README.md */ = {isa = PBXFileReference; fileEncoding = 4; lastKnownFileType = net.daringfireball.markdown; path = README.md; sourceTree = "<group>"; };
/* End PBXFileReference section */

/* Begin PBXFrameworksBuildPhase section */
		86F2DC3D1D4E6171006FF324 /* Frameworks */ = {
			isa = PBXFrameworksBuildPhase;
			buildActionMask = 2147483647;
			files = (
			);
			runOnlyForDeploymentPostprocessing = 0;
		};
/* End PBXFrameworksBuildPhase section */

/* Begin PBXGroup section */
		86F2DC371D4E6171006FF324 = {
			isa = PBXGroup;
			children = (
				86F2DC551D4E6241006FF324 /* README.md */,
				86F2DC421D4E6171006FF324 /* MorseCode */,
				86F2DC411D4E6171006FF324 /* Products */,
			);
			sourceTree = "<group>";
		};
		86F2DC411D4E6171006FF324 /* Products */ = {
			isa = PBXGroup;
			children = (
				86F2DC401D4E6171006FF324 /* MorseCode.app */,
			);
			name = Products;
			sourceTree = "<group>";
		};
		86F2DC421D4E6171006FF324 /* MorseCode */ = {
			isa = PBXGroup;
			children = (
				86F2DC431D4E6171006FF324 /* AppDelegate.swift */,
				86F2DC451D4E6171006FF324 /* ViewController.swift */,
				863185271D513E6E00668330 /* MorseCoder.swift */,
				86F2DC471D4E6171006FF324 /* Main.storyboard */,
				86F2DC4A1D4E6171006FF324 /* Assets.xcassets */,
				86F2DC4C1D4E6171006FF324 /* LaunchScreen.storyboard */,
				86F2DC4F1D4E6171006FF324 /* Info.plist */,
				86BD181A1D54F26600442364 /* beep.wav */,
				868ADE781D56884F005BE4A8 /* beep0200.wav */,
				868ADE7A1D568856005BE4A8 /* pause0200.wav */,
				86A7B14B1D57DA3C007C7E79 /* beep240.wav */,
				86A7B14D1D57DA48007C7E79 /* beep080.wav */,
			);
			path = MorseCode;
			sourceTree = "<group>";
		};
/* End PBXGroup section */

/* Begin PBXNativeTarget section */
		86F2DC3F1D4E6171006FF324 /* MorseCode */ = {
			isa = PBXNativeTarget;
			buildConfigurationList = 86F2DC521D4E6171006FF324 /* Build configuration list for PBXNativeTarget "MorseCode" */;
			buildPhases = (
				86F2DC3C1D4E6171006FF324 /* Sources */,
				86F2DC3D1D4E6171006FF324 /* Frameworks */,
				86F2DC3E1D4E6171006FF324 /* Resources */,
			);
			buildRules = (
			);
			dependencies = (
			);
			name = MorseCode;
			productName = MorseCode;
			productReference = 86F2DC401D4E6171006FF324 /* MorseCode.app */;
			productType = "com.apple.product-type.application";
		};
/* End PBXNativeTarget section */

/* Begin PBXProject section */
		86F2DC381D4E6171006FF324 /* Project object */ = {
			isa = PBXProject;
			attributes = {
				LastSwiftUpdateCheck = 0730;
				LastUpgradeCheck = 0730;
				ORGANIZATIONNAME = P.Osipenko;
				TargetAttributes = {
					86F2DC3F1D4E6171006FF324 = {
						CreatedOnToolsVersion = 7.3;
						DevelopmentTeam = EQE8QCTX98;
					};
				};
			};
			buildConfigurationList = 86F2DC3B1D4E6171006FF324 /* Build configuration list for PBXProject "MorseCode" */;
			compatibilityVersion = "Xcode 3.2";
			developmentRegion = English;
			hasScannedForEncodings = 0;
			knownRegions = (
				en,
				Base,
			);
			mainGroup = 86F2DC371D4E6171006FF324;
			productRefGroup = 86F2DC411D4E6171006FF324 /* Products */;
			projectDirPath = "";
			projectRoot = "";
			targets = (
				86F2DC3F1D4E6171006FF324 /* MorseCode */,
			);
		};
/* End PBXProject section */

/* Begin PBXResourcesBuildPhase section */
		86F2DC3E1D4E6171006FF324 /* Resources */ = {
			isa = PBXResourcesBuildPhase;
			buildActionMask = 2147483647;
			files = (
				86BD181B1D54F26600442364 /* beep.wav in Resources */,
				86F2DC4E1D4E6171006FF324 /* LaunchScreen.storyboard in Resources */,
				86F2DC4B1D4E6171006FF324 /* Assets.xcassets in Resources */,
				86A7B14E1D57DA48007C7E79 /* beep080.wav in Resources */,
				86A7B14C1D57DA3C007C7E79 /* beep240.wav in Resources */,
				868ADE7B1D568856005BE4A8 /* pause0200.wav in Resources */,
				86F2DC491D4E6171006FF324 /* Main.storyboard in Resources */,
				868ADE791D56884F005BE4A8 /* beep0200.wav in Resources */,
			);
			runOnlyForDeploymentPostprocessing = 0;
		};
/* End PBXResourcesBuildPhase section */

/* Begin PBXSourcesBuildPhase section */
		86F2DC3C1D4E6171006FF324 /* Sources */ = {
			isa = PBXSourcesBuildPhase;
			buildActionMask = 2147483647;
			files = (
				86F2DC461D4E6171006FF324 /* ViewController.swift in Sources */,
				863185281D513E6E00668330 /* MorseCoder.swift in Sources */,
				86F2DC441D4E6171006FF324 /* AppDelegate.swift in Sources */,
			);
			runOnlyForDeploymentPostprocessing = 0;
		};
/* End PBXSourcesBuildPhase section */

/* Begin PBXVariantGroup section */
		86F2DC471D4E6171006FF324 /* Main.storyboard */ = {
			isa = PBXVariantGroup;
			children = (
				86F2DC481D4E6171006FF324 /* Base */,
			);
			name = Main.storyboard;
			sourceTree = "<group>";
		};
		86F2DC4C1D4E6171006FF324 /* LaunchScreen.storyboard */ = {
			isa = PBXVariantGroup;
			children = (
				86F2DC4D1D4E6171006FF324 /* Base */,
			);
			name = LaunchScreen.storyboard;
			sourceTree = "<group>";
		};
/* End PBXVariantGroup section */

/* Begin XCBuildConfiguration section */
		86F2DC501D4E6171006FF324 /* Debug */ = {
			isa = XCBuildConfiguration;
			buildSettings = {
				ALWAYS_SEARCH_USER_PATHS = NO;
				CLANG_ANALYZER_NONNULL = YES;
				CLANG_CXX_LANGUAGE_STANDARD = "gnu++0x";
				CLANG_CXX_LIBRARY = "libc++";
				CLANG_ENABLE_MODULES = YES;
				CLANG_ENABLE_OBJC_ARC = YES;
				CLANG_WARN_BOOL_CONVERSION = YES;
				CLANG_WARN_CONSTANT_CONVERSION = YES;
				CLANG_WARN_DIRECT_OBJC_ISA_USAGE = YES_ERROR;
				CLANG_WARN_EMPTY_BODY = YES;
				CLANG_WARN_ENUM_CONVERSION = YES;
				CLANG_WARN_INT_CONVERSION = YES;
				CLANG_WARN_OBJC_ROOT_CLASS = YES_ERROR;
				CLANG_WARN_UNREACHABLE_CODE = YES;
				CLANG_WARN__DUPLICATE_METHOD_MATCH = YES;
				"CODE_SIGN_IDENTITY[sdk=iphoneos*]" = "iPhone Developer";
				COPY_PHASE_STRIP = NO;
				DEBUG_INFORMATION_FORMAT = dwarf;
				ENABLE_STRICT_OBJC_MSGSEND = YES;
				ENABLE_TESTABILITY = YES;
				GCC_C_LANGUAGE_STANDARD = gnu99;
				GCC_DYNAMIC_NO_PIC = NO;
				GCC_NO_COMMON_BLOCKS = YES;
				GCC_OPTIMIZATION_LEVEL = 0;
				GCC_PREPROCESSOR_DEFINITIONS = (
					"DEBUG=1",
					"$(inherited)",
				);
				GCC_WARN_64_TO_32_BIT_CONVERSION = YES;
				GCC_WARN_ABOUT_RETURN_TYPE = YES_ERROR;
				GCC_WARN_UNDECLARED_SELECTOR = YES;
				GCC_WARN_UNINITIALIZED_AUTOS = YES_AGGRESSIVE;
				GCC_WARN_UNUSED_FUNCTION = YES;
				GCC_WARN_UNUSED_VARIABLE = YES;
				IPHONEOS_DEPLOYMENT_TARGET = 9.3;
				MTL_ENABLE_DEBUG_INFO = YES;
				ONLY_ACTIVE_ARCH = YES;
				SDKROOT = iphoneos;
				SWIFT_OPTIMIZATION_LEVEL = "-Onone";
			};
			name = Debug;
		};
		86F2DC511D4E6171006FF324 /* Release */ = {
			isa = XCBuildConfiguration;
			buildSettings = {
				ALWAYS_SEARCH_USER_PATHS = NO;
				CLANG_ANALYZER_NONNULL = YES;
				CLANG_CXX_LANGUAGE_STANDARD = "gnu++0x";
				CLANG_CXX_LIBRARY = "libc++";
				CLANG_ENABLE_MODULES = YES;
				CLANG_ENABLE_OBJC_ARC = YES;
				CLANG_WARN_BOOL_CONVERSION = YES;
				CLANG_WARN_CONSTANT_CONVERSION = YES;
				CLANG_WARN_DIRECT_OBJC_ISA_USAGE = YES_ERROR;
				CLANG_WARN_EMPTY_BODY = YES;
				CLANG_WARN_ENUM_CONVERSION = YES;
				CLANG_WARN_INT_CONVERSION = YES;
				CLANG_WARN_OBJC_ROOT_CLASS = YES_ERROR;
				CLANG_WARN_UNREACHABLE_CODE = YES;
				CLANG_WARN__DUPLICATE_METHOD_MATCH = YES;
				"CODE_SIGN_IDENTITY[sdk=iphoneos*]" = "iPhone Developer";
				COPY_PHASE_STRIP = NO;
				DEBUG_INFORMATION_FORMAT = "dwarf-with-dsym";
				ENABLE_NS_ASSERTIONS = NO;
				ENABLE_STRICT_OBJC_MSGSEND = YES;
				GCC_C_LANGUAGE_STANDARD = gnu99;
				GCC_NO_COMMON_BLOCKS = YES;
				GCC_WARN_64_TO_32_BIT_CONVERSION = YES;
				GCC_WARN_ABOUT_RETURN_TYPE = YES_ERROR;
				GCC_WARN_UNDECLARED_SELECTOR = YES;
				GCC_WARN_UNINITIALIZED_AUTOS = YES_AGGRESSIVE;
				GCC_WARN_UNUSED_FUNCTION = YES;
				GCC_WARN_UNUSED_VARIABLE = YES;
				IPHONEOS_DEPLOYMENT_TARGET = 9.3;
				MTL_ENABLE_DEBUG_INFO = NO;
				SDKROOT = iphoneos;
				VALIDATE_PRODUCT = YES;
			};
			name = Release;
		};
		86F2DC531D4E6171006FF324 /* Debug */ = {
			isa = XCBuildConfiguration;
			buildSettings = {
				ASSETCATALOG_COMPILER_APPICON_NAME = AppIcon;
				INFOPLIST_FILE = MorseCode/Info.plist;
				LD_RUNPATH_SEARCH_PATHS = "$(inherited) @executable_path/Frameworks";
				PRODUCT_BUNDLE_IDENTIFIER = "com.jst-world.morse.MorseCode";
				PRODUCT_NAME = "$(TARGET_NAME)";
			};
			name = Debug;
		};
		86F2DC541D4E6171006FF324 /* Release */ = {
			isa = XCBuildConfiguration;
			buildSettings = {
				ASSETCATALOG_COMPILER_APPICON_NAME = AppIcon;
				INFOPLIST_FILE = MorseCode/Info.plist;
				LD_RUNPATH_SEARCH_PATHS = "$(inherited) @executable_path/Frameworks";
				PRODUCT_BUNDLE_IDENTIFIER = "com.jst-world.morse.MorseCode";
				PRODUCT_NAME = "$(TARGET_NAME)";
			};
			name = Release;
		};
/* End XCBuildConfiguration section */

/* Begin XCConfigurationList section */
		86F2DC3B1D4E6171006FF324 /* Build configuration list for PBXProject "MorseCode" */ = {
			isa = XCConfigurationList;
			buildConfigurations = (
				86F2DC501D4E6171006FF324 /* Debug */,
				86F2DC511D4E6171006FF324 /* Release */,
			);
			defaultConfigurationIsVisible = 0;
			defaultConfigurationName = Release;
		};
		86F2DC521D4E6171006FF324 /* Build configuration list for PBXNativeTarget "MorseCode" */ = {
			isa = XCConfigurationList;
			buildConfigurations = (
				86F2DC531D4E6171006FF324 /* Debug */,
				86F2DC541D4E6171006FF324 /* Release */,
			);
			defaultConfigurationIsVisible = 0;
			defaultConfigurationName = Release;
		};
/* End XCConfigurationList section */
	};
	rootObject = 86F2DC381D4E6171006FF324 /* Project object */;
}
